// !$*UTF8*$!
{
	archiveVersion = 1;
	classes = {
	};
	objectVersion = 50;
	objects = {

/* Begin PBXBuildFile section */
		76676EDE2082AD4E004DCD4E /* ColorViewModel.swift in Sources */ = {isa = PBXBuildFile; fileRef = 76676EDD2082AD4E004DCD4E /* ColorViewModel.swift */; };
		76676EE02082ADC5004DCD4E /* ColorManager.swift in Sources */ = {isa = PBXBuildFile; fileRef = 76676EDF2082ADC5004DCD4E /* ColorManager.swift */; };
		76DD216520827651001D5F98 /* AppDelegate.swift in Sources */ = {isa = PBXBuildFile; fileRef = 76DD216420827651001D5F98 /* AppDelegate.swift */; };
		76DD216720827651001D5F98 /* ViewController.swift in Sources */ = {isa = PBXBuildFile; fileRef = 76DD216620827651001D5F98 /* ViewController.swift */; };
		76DD216A20827651001D5F98 /* Main.storyboard in Resources */ = {isa = PBXBuildFile; fileRef = 76DD216820827651001D5F98 /* Main.storyboard */; };
		76DD216C20827654001D5F98 /* Assets.xcassets in Resources */ = {isa = PBXBuildFile; fileRef = 76DD216B20827654001D5F98 /* Assets.xcassets */; };
		76DD216F20827654001D5F98 /* LaunchScreen.storyboard in Resources */ = {isa = PBXBuildFile; fileRef = 76DD216D20827654001D5F98 /* LaunchScreen.storyboard */; };
/* End PBXBuildFile section */

/* Begin PBXFileReference section */
		76676EDD2082AD4E004DCD4E /* ColorViewModel.swift */ = {isa = PBXFileReference; lastKnownFileType = sourcecode.swift; path = ColorViewModel.swift; sourceTree = "<group>"; };
		76676EDF2082ADC5004DCD4E /* ColorManager.swift */ = {isa = PBXFileReference; lastKnownFileType = sourcecode.swift; path = ColorManager.swift; sourceTree = "<group>"; };
		76DD216120827651001D5F98 /* Homework5_AGL.app */ = {isa = PBXFileReference; explicitFileType = wrapper.application; includeInIndex = 0; path = Homework5_AGL.app; sourceTree = BUILT_PRODUCTS_DIR; };
		76DD216420827651001D5F98 /* AppDelegate.swift */ = {isa = PBXFileReference; lastKnownFileType = sourcecode.swift; path = AppDelegate.swift; sourceTree = "<group>"; };
		76DD216620827651001D5F98 /* ViewController.swift */ = {isa = PBXFileReference; lastKnownFileType = sourcecode.swift; path = ViewController.swift; sourceTree = "<group>"; };
		76DD216920827651001D5F98 /* Base */ = {isa = PBXFileReference; lastKnownFileType = file.storyboard; name = Base; path = Base.lproj/Main.storyboard; sourceTree = "<group>"; };
		76DD216B20827654001D5F98 /* Assets.xcassets */ = {isa = PBXFileReference; lastKnownFileType = folder.assetcatalog; path = Assets.xcassets; sourceTree = "<group>"; };
		76DD216E20827654001D5F98 /* Base */ = {isa = PBXFileReference; lastKnownFileType = file.storyboard; name = Base; path = Base.lproj/LaunchScreen.storyboard; sourceTree = "<group>"; };
		76DD217020827654001D5F98 /* Info.plist */ = {isa = PBXFileReference; lastKnownFileType = text.plist.xml; path = Info.plist; sourceTree = "<group>"; };
/* End PBXFileReference section */

/* Begin PBXFrameworksBuildPhase section */
		76DD215E20827651001D5F98 /* Frameworks */ = {
			isa = PBXFrameworksBuildPhase;
			buildActionMask = 2147483647;
			files = (
			);
			runOnlyForDeploymentPostprocessing = 0;
		};
/* End PBXFrameworksBuildPhase section */

/* Begin PBXGroup section */
		76676EDC2082AD2E004DCD4E /* Models */ = {
			isa = PBXGroup;
			children = (
				76676EDD2082AD4E004DCD4E /* ColorViewModel.swift */,
			);
			path = Models;
			sourceTree = "<group>";
		};
		76DD215820827650001D5F98 = {
			isa = PBXGroup;
			children = (
				76DD216320827651001D5F98 /* Homework5_AGL */,
				76DD216220827651001D5F98 /* Products */,
			);
			sourceTree = "<group>";
		};
		76DD216220827651001D5F98 /* Products */ = {
			isa = PBXGroup;
			children = (
				76DD216120827651001D5F98 /* Homework5_AGL.app */,
			);
			name = Products;
			sourceTree = "<group>";
		};
		76DD216320827651001D5F98 /* Homework5_AGL */ = {
			isa = PBXGroup;
			children = (
				76676EDC2082AD2E004DCD4E /* Models */,
				76DD216420827651001D5F98 /* AppDelegate.swift */,
				76DD216620827651001D5F98 /* ViewController.swift */,
				76DD216820827651001D5F98 /* Main.storyboard */,
				76DD216B20827654001D5F98 /* Assets.xcassets */,
				76DD216D20827654001D5F98 /* LaunchScreen.storyboard */,
				76DD217020827654001D5F98 /* Info.plist */,
				76676EDF2082ADC5004DCD4E /* ColorManager.swift */,
			);
			path = Homework5_AGL;
			sourceTree = "<group>";
		};
/* End PBXGroup section */

/* Begin PBXNativeTarget section */
		76DD216020827651001D5F98 /* Homework5_AGL */ = {
			isa = PBXNativeTarget;
			buildConfigurationList = 76DD217320827654001D5F98 /* Build configuration list for PBXNativeTarget "Homework5_AGL" */;
			buildPhases = (
				76DD215D20827651001D5F98 /* Sources */,
				76DD215E20827651001D5F98 /* Frameworks */,
				76DD215F20827651001D5F98 /* Resources */,
			);
			buildRules = (
			);
			dependencies = (
			);
			name = Homework5_AGL;
			productName = Homework5_AGL;
			productReference = 76DD216120827651001D5F98 /* Homework5_AGL.app */;
			productType = "com.apple.product-type.application";
		};
/* End PBXNativeTarget section */

/* Begin PBXProject section */
		76DD215920827650001D5F98 /* Project object */ = {
			isa = PBXProject;
			attributes = {
				LastSwiftUpdateCheck = 0930;
				LastUpgradeCheck = 0930;
				ORGANIZATIONNAME = alexgsolutions;
				TargetAttributes = {
					76DD216020827651001D5F98 = {
						CreatedOnToolsVersion = 9.3;
					};
				};
			};
			buildConfigurationList = 76DD215C20827650001D5F98 /* Build configuration list for PBXProject "Homework5_AGL" */;
			compatibilityVersion = "Xcode 9.3";
			developmentRegion = en;
			hasScannedForEncodings = 0;
			knownRegions = (
				en,
				Base,
			);
			mainGroup = 76DD215820827650001D5F98;
			productRefGroup = 76DD216220827651001D5F98 /* Products */;
			projectDirPath = "";
			projectRoot = "";
			targets = (
				76DD216020827651001D5F98 /* Homework5_AGL */,
			);
		};
/* End PBXProject section */

/* Begin PBXResourcesBuildPhase section */
		76DD215F20827651001D5F98 /* Resources */ = {
			isa = PBXResourcesBuildPhase;
			buildActionMask = 2147483647;
			files = (
				76DD216F20827654001D5F98 /* LaunchScreen.storyboard in Resources */,
				76DD216C20827654001D5F98 /* Assets.xcassets in Resources */,
				76DD216A20827651001D5F98 /* Main.storyboard in Resources */,
			);
			runOnlyForDeploymentPostprocessing = 0;
		};
/* End PBXResourcesBuildPhase section */

/* Begin PBXSourcesBuildPhase section */
		76DD215D20827651001D5F98 /* Sources */ = {
			isa = PBXSourcesBuildPhase;
			buildActionMask = 2147483647;
			files = (
				76DD216720827651001D5F98 /* ViewController.swift in Sources */,
				76DD216520827651001D5F98 /* AppDelegate.swift in Sources */,
				76676EDE2082AD4E004DCD4E /* ColorViewModel.swift in Sources */,
				76676EE02082ADC5004DCD4E /* ColorManager.swift in Sources */,
			);
			runOnlyForDeploymentPostprocessing = 0;
		};
/* End PBXSourcesBuildPhase section */

/* Begin PBXVariantGroup section */
		76DD216820827651001D5F98 /* Main.storyboard */ = {
			isa = PBXVariantGroup;
			children = (
				76DD216920827651001D5F98 /* Base */,
			);
			name = Main.storyboard;
			sourceTree = "<group>";
		};
		76DD216D20827654001D5F98 /* LaunchScreen.storyboard */ = {
			isa = PBXVariantGroup;
			children = (
				76DD216E20827654001D5F98 /* Base */,
			);
			name = LaunchScreen.storyboard;
			sourceTree = "<group>";
		};
/* End PBXVariantGroup section */

/* Begin XCBuildConfiguration section */
		76DD217120827654001D5F98 /* Debug */ = {
			isa = XCBuildConfiguration;
			buildSettings = {
				ALWAYS_SEARCH_USER_PATHS = NO;
				CLANG_ANALYZER_NONNULL = YES;
				CLANG_ANALYZER_NUMBER_OBJECT_CONVERSION = YES_AGGRESSIVE;
				CLANG_CXX_LANGUAGE_STANDARD = "gnu++14";
				CLANG_CXX_LIBRARY = "libc++";
				CLANG_ENABLE_MODULES = YES;
				CLANG_ENABLE_OBJC_ARC = YES;
				CLANG_ENABLE_OBJC_WEAK = YES;
				CLANG_WARN_BLOCK_CAPTURE_AUTORELEASING = YES;
				CLANG_WARN_BOOL_CONVERSION = YES;
				CLANG_WARN_COMMA = YES;
				CLANG_WARN_CONSTANT_CONVERSION = YES;
				CLANG_WARN_DEPRECATED_OBJC_IMPLEMENTATIONS = YES;
				CLANG_WARN_DIRECT_OBJC_ISA_USAGE = YES_ERROR;
				CLANG_WARN_DOCUMENTATION_COMMENTS = YES;
				CLANG_WARN_EMPTY_BODY = YES;
				CLANG_WARN_ENUM_CONVERSION = YES;
				CLANG_WARN_INFINITE_RECURSION = YES;
				CLANG_WARN_INT_CONVERSION = YES;
				CLANG_WARN_NON_LITERAL_NULL_CONVERSION = YES;
				CLANG_WARN_OBJC_IMPLICIT_RETAIN_SELF = YES;
				CLANG_WARN_OBJC_LITERAL_CONVERSION = YES;
				CLANG_WARN_OBJC_ROOT_CLASS = YES_ERROR;
				CLANG_WARN_RANGE_LOOP_ANALYSIS = YES;
				CLANG_WARN_STRICT_PROTOTYPES = YES;
				CLANG_WARN_SUSPICIOUS_MOVE = YES;
				CLANG_WARN_UNGUARDED_AVAILABILITY = YES_AGGRESSIVE;
				CLANG_WARN_UNREACHABLE_CODE = YES;
				CLANG_WARN__DUPLICATE_METHOD_MATCH = YES;
				CODE_SIGN_IDENTITY = "iPhone Developer";
				COPY_PHASE_STRIP = NO;
				DEBUG_INFORMATION_FORMAT = dwarf;
				ENABLE_STRICT_OBJC_MSGSEND = YES;
				ENABLE_TESTABILITY = YES;
				GCC_C_LANGUAGE_STANDARD = gnu11;
				GCC_DYNAMIC_NO_PIC = NO;
				GCC_NO_COMMON_BLOCKS = YES;
				GCC_OPTIMIZATION_LEVEL = 0;
				GCC_PREPROCESSOR_DEFINITIONS = (
					"DEBUG=1",
					"$(inherited)",
				);
				GCC_WARN_64_TO_32_BIT_CONVERSION = YES;
				GCC_WARN_ABOUT_RETURN_TYPE = YES_ERROR;
				GCC_WARN_UNDECLARED_SELECTOR = YES;
				GCC_WARN_UNINITIALIZED_AUTOS = YES_AGGRESSIVE;
				GCC_WARN_UNUSED_FUNCTION = YES;
				GCC_WARN_UNUSED_VARIABLE = YES;
				IPHONEOS_DEPLOYMENT_TARGET = 11.3;
				MTL_ENABLE_DEBUG_INFO = YES;
				ONLY_ACTIVE_ARCH = YES;
				SDKROOT = iphoneos;
				SWIFT_ACTIVE_COMPILATION_CONDITIONS = DEBUG;
				SWIFT_OPTIMIZATION_LEVEL = "-Onone";
			};
			name = Debug;
		};
		76DD217220827654001D5F98 /* Release */ = {
			isa = XCBuildConfiguration;
			buildSettings = {
				ALWAYS_SEARCH_USER_PATHS = NO;
				CLANG_ANALYZER_NONNULL = YES;
				CLANG_ANALYZER_NUMBER_OBJECT_CONVERSION = YES_AGGRESSIVE;
				CLANG_CXX_LANGUAGE_STANDARD = "gnu++14";
				CLANG_CXX_LIBRARY = "libc++";
				CLANG_ENABLE_MODULES = YES;
				CLANG_ENABLE_OBJC_ARC = YES;
				CLANG_ENABLE_OBJC_WEAK = YES;
				CLANG_WARN_BLOCK_CAPTURE_AUTORELEASING = YES;
				CLANG_WARN_BOOL_CONVERSION = YES;
				CLANG_WARN_COMMA = YES;
				CLANG_WARN_CONSTANT_CONVERSION = YES;
				CLANG_WARN_DEPRECATED_OBJC_IMPLEMENTATIONS = YES;
				CLANG_WARN_DIRECT_OBJC_ISA_USAGE = YES_ERROR;
				CLANG_WARN_DOCUMENTATION_COMMENTS = YES;
				CLANG_WARN_EMPTY_BODY = YES;
				CLANG_WARN_ENUM_CONVERSION = YES;
				CLANG_WARN_INFINITE_RECURSION = YES;
				CLANG_WARN_INT_CONVERSION = YES;
				CLANG_WARN_NON_LITERAL_NULL_CONVERSION = YES;
				CLANG_WARN_OBJC_IMPLICIT_RETAIN_SELF = YES;
				CLANG_WARN_OBJC_LITERAL_CONVERSION = YES;
				CLANG_WARN_OBJC_ROOT_CLASS = YES_ERROR;
				CLANG_WARN_RANGE_LOOP_ANALYSIS = YES;
				CLANG_WARN_STRICT_PROTOTYPES = YES;
				CLANG_WARN_SUSPICIOUS_MOVE = YES;
				CLANG_WARN_UNGUARDED_AVAILABILITY = YES_AGGRESSIVE;
				CLANG_WARN_UNREACHABLE_CODE = YES;
				CLANG_WARN__DUPLICATE_METHOD_MATCH = YES;
				CODE_SIGN_IDENTITY = "iPhone Developer";
				COPY_PHASE_STRIP = NO;
				DEBUG_INFORMATION_FORMAT = "dwarf-with-dsym";
				ENABLE_NS_ASSERTIONS = NO;
				ENABLE_STRICT_OBJC_MSGSEND = YES;
				GCC_C_LANGUAGE_STANDARD = gnu11;
				GCC_NO_COMMON_BLOCKS = YES;
				GCC_WARN_64_TO_32_BIT_CONVERSION = YES;
				GCC_WARN_ABOUT_RETURN_TYPE = YES_ERROR;
				GCC_WARN_UNDECLARED_SELECTOR = YES;
				GCC_WARN_UNINITIALIZED_AUTOS = YES_AGGRESSIVE;
				GCC_WARN_UNUSED_FUNCTION = YES;
				GCC_WARN_UNUSED_VARIABLE = YES;
				IPHONEOS_DEPLOYMENT_TARGET = 11.3;
				MTL_ENABLE_DEBUG_INFO = NO;
				SDKROOT = iphoneos;
				SWIFT_COMPILATION_MODE = wholemodule;
				SWIFT_OPTIMIZATION_LEVEL = "-O";
				VALIDATE_PRODUCT = YES;
			};
			name = Release;
		};
		76DD217420827654001D5F98 /* Debug */ = {
			isa = XCBuildConfiguration;
			buildSettings = {
				ASSETCATALOG_COMPILER_APPICON_NAME = AppIcon;
				CODE_SIGN_STYLE = Automatic;
				DEVELOPMENT_TEAM = 6SD65LWY6U;
				INFOPLIST_FILE = Homework5_AGL/Info.plist;
				LD_RUNPATH_SEARCH_PATHS = (
					"$(inherited)",
					"@executable_path/Frameworks",
				);
				PRODUCT_BUNDLE_IDENTIFIER = "com.alexgsolutions.Homework5-AGL";
				PRODUCT_NAME = "$(TARGET_NAME)";
				SWIFT_VERSION = 4.0;
				TARGETED_DEVICE_FAMILY = "1,2";
			};
			name = Debug;
		};
		76DD217520827654001D5F98 /* Release */ = {
			isa = XCBuildConfiguration;
			buildSettings = {
				ASSETCATALOG_COMPILER_APPICON_NAME = AppIcon;
				CODE_SIGN_STYLE = Automatic;
				DEVELOPMENT_TEAM = 6SD65LWY6U;
				INFOPLIST_FILE = Homework5_AGL/Info.plist;
				LD_RUNPATH_SEARCH_PATHS = (
					"$(inherited)",
					"@executable_path/Frameworks",
				);
				PRODUCT_BUNDLE_IDENTIFIER = "com.alexgsolutions.Homework5-AGL";
				PRODUCT_NAME = "$(TARGET_NAME)";
				SWIFT_VERSION = 4.0;
				TARGETED_DEVICE_FAMILY = "1,2";
			};
			name = Release;
		};
/* End XCBuildConfiguration section */

/* Begin XCConfigurationList section */
		76DD215C20827650001D5F98 /* Build configuration list for PBXProject "Homework5_AGL" */ = {
			isa = XCConfigurationList;
			buildConfigurations = (
				76DD217120827654001D5F98 /* Debug */,
				76DD217220827654001D5F98 /* Release */,
			);
			defaultConfigurationIsVisible = 0;
			defaultConfigurationName = Release;
		};
		76DD217320827654001D5F98 /* Build configuration list for PBXNativeTarget "Homework5_AGL" */ = {
			isa = XCConfigurationList;
			buildConfigurations = (
				76DD217420827654001D5F98 /* Debug */,
				76DD217520827654001D5F98 /* Release */,
			);
			defaultConfigurationIsVisible = 0;
			defaultConfigurationName = Release;
		};
/* End XCConfigurationList section */
	};
	rootObject = 76DD215920827650001D5F98 /* Project object */;
}
